
Microsoft Visual Studio Solution File, Format Version 12.00
# Visual Studio Version 17
VisualStudioVersion = 17.5.33414.496
MinimumVisualStudioVersion = 10.0.40219.1
Project("{F184B08F-C81C-45F6-A57F-5ABD9991F28F}") = "archivo en binario", "archivo en binario\archivo en binario.vbproj", "{9778BF4E-E06A-4DA8-832F-7D365F38C78C}"
EndProject
Global
	GlobalSection(SolutionConfigurationPlatforms) = preSolution
		Debug|Any CPU = Debug|Any CPU
		Release|Any CPU = Release|Any CPU
	EndGlobalSection
	GlobalSection(ProjectConfigurationPlatforms) = postSolution
		{9778BF4E-E06A-4DA8-832F-7D365F38C78C}.Debug|Any CPU.ActiveCfg = Debug|Any CPU
		{9778BF4E-E06A-4DA8-832F-7D365F38C78C}.Debug|Any CPU.Build.0 = Debug|Any CPU
		{9778BF4E-E06A-4DA8-832F-7D365F38C78C}.Release|Any CPU.ActiveCfg = Release|Any CPU
		{9778BF4E-E06A-4DA8-832F-7D365F38C78C}.Release|Any CPU.Build.0 = Release|Any CPU
	EndGlobalSection
	GlobalSection(SolutionProperties) = preSolution
		HideSolutionNode = FALSE
	EndGlobalSection
	GlobalSection(ExtensibilityGlobals) = postSolution
		SolutionGuid = {7CDA66ED-C310-4933-BB16-9C8B5196FA45}
	EndGlobalSection
EndGlobal
